
Microsoft Visual Studio Solution File, Format Version 12.00
# Visual Studio Version 16
VisualStudioVersion = 16.0.29102.190
MinimumVisualStudioVersion = 10.0.40219.1
Project("{FAE04EC0-301F-11D3-BF4B-00C04F79EFBC}") = "App Compensation", "App Compensation\App Compensation.csproj", "{2CB868BA-B8E2-400F-9E70-9A2E09734829}"
EndProject
Global
	GlobalSection(SolutionConfigurationPlatforms) = preSolution
		Debug|Any CPU = Debug|Any CPU
		Release|Any CPU = Release|Any CPU
	EndGlobalSection
	GlobalSection(ProjectConfigurationPlatforms) = postSolution
		{2CB868BA-B8E2-400F-9E70-9A2E09734829}.Debug|Any CPU.ActiveCfg = Debug|Any CPU
		{2CB868BA-B8E2-400F-9E70-9A2E09734829}.Debug|Any CPU.Build.0 = Debug|Any CPU
		{2CB868BA-B8E2-400F-9E70-9A2E09734829}.Release|Any CPU.ActiveCfg = Release|Any CPU
		{2CB868BA-B8E2-400F-9E70-9A2E09734829}.Release|Any CPU.Build.0 = Release|Any CPU
	EndGlobalSection
	GlobalSection(SolutionProperties) = preSolution
		HideSolutionNode = FALSE
	EndGlobalSection
	GlobalSection(ExtensibilityGlobals) = postSolution
		SolutionGuid = {594E3CC0-4B50-45F7-AE9C-3227E47D1D9C}
	EndGlobalSection
EndGlobal
